# Generated by move; do not edit
# This file should be checked in.

[move]
version = 4

[pinned.testnet.MoveStdlib]
source = { git = "https://github.com/MystenLabs/sui.git", subdir = "crates/sui-framework/packages/move-stdlib", rev = "73dd2c2ba6f9fdb21d7ffde2b50a3f2f0ac39bc1" }
use_environment = "testnet"
manifest_digest = "C4FE4C91DE74CBF223B2E380AE40F592177D21870DC2D7EB6227D2D694E05363"
deps = {}

[pinned.testnet.MoveStdlib_1]
source = { git = "https://github.com/MystenLabs/sui.git", subdir = "crates/sui-framework/packages/move-stdlib", rev = "94ad8ccd0ed6c089a9fe072ff80c918b5ab44943" }
use_environment = "testnet"
manifest_digest = "C4FE4C91DE74CBF223B2E380AE40F592177D21870DC2D7EB6227D2D694E05363"
deps = {}

[pinned.testnet.Sui]
source = { git = "https://github.com/MystenLabs/sui.git", subdir = "crates/sui-framework/packages/sui-framework", rev = "73dd2c2ba6f9fdb21d7ffde2b50a3f2f0ac39bc1" }
use_environment = "testnet"
manifest_digest = "7AFB66695545775FBFBB2D3078ADFD084244D5002392E837FDE21D9EA1C6D01C"
deps = { MoveStdlib = "MoveStdlib" }

[pinned.testnet.Sui_1]
source = { git = "https://github.com/MystenLabs/sui.git", subdir = "crates/sui-framework/packages/sui-framework", rev = "94ad8ccd0ed6c089a9fe072ff80c918b5ab44943" }
use_environment = "testnet"
manifest_digest = "7AFB66695545775FBFBB2D3078ADFD084244D5002392E837FDE21D9EA1C6D01C"
deps = { MoveStdlib = "MoveStdlib_1" }

[pinned.testnet.WAL]
source = { git = "https://github.com/MystenLabs/walrus.git", subdir = "testnet-contracts/wal", rev = "de113f9554ee7e99e715a25f66067d88ca640545" }
use_environment = "testnet"
manifest_digest = "F0817A27EEB09499A677D94F47D2C46D1E5D370D1DDB38CAF44830C0F77E50FF"
deps = { Sui = "Sui_1" }

[pinned.testnet.Walrus]
source = { git = "https://github.com/MystenLabs/walrus.git", subdir = "testnet-contracts/walrus", rev = "de113f9554ee7e99e715a25f66067d88ca640545" }
use_environment = "testnet"
manifest_digest = "D43C634C4C144C2DCC4B227CC3400ADE79BD5D31766E27710A2B7BA7F97647B0"
deps = { Sui = "Sui_1", WAL = "WAL" }

[pinned.testnet.model3d]
source = { root = true }
use_environment = "testnet"
manifest_digest = "07C044F3559E1446F2B5370A4219D8F57A70CFF23EEB3782BCB25C5C8DA839DA"
deps = { Walrus = "Walrus", std = "MoveStdlib", sui = "Sui" }
